
Microsoft Visual Studio Solution File, Format Version 12.00
# Visual Studio Version 17
VisualStudioVersion = 17.5.33627.172
MinimumVisualStudioVersion = 10.0.40219.1
Project("{8BC9CEB8-8B4A-11D0-8D11-00A0C91BC942}") = "Project1", "Project1\Project1.vcxproj", "{25BEECEC-8BE4-4A9C-A126-9F51CD2BB362}"
EndProject
Project("{2150E333-8FDC-42A3-9474-1A3956D46DE8}") = "솔루션 항목", "솔루션 항목", "{D82B2CF4-E5FD-43E2-A16C-3BAFB16F1DA6}"
	ProjectSection(SolutionItems) = preProject
		.gitignore = .gitignore
	EndProjectSection
EndProject
Project("{8BC9CEB8-8B4A-11D0-8D11-00A0C91BC942}") = "Sample-Test1", "Sample-Test1\Sample-Test1.vcxproj", "{2F0EF582-C856-40B6-9314-8380FB1AD7B7}"
EndProject
Global
	GlobalSection(SolutionConfigurationPlatforms) = preSolution
		Debug|x64 = Debug|x64
		Debug|x86 = Debug|x86
		Release|x64 = Release|x64
		Release|x86 = Release|x86
	EndGlobalSection
	GlobalSection(ProjectConfigurationPlatforms) = postSolution
		{25BEECEC-8BE4-4A9C-A126-9F51CD2BB362}.Debug|x64.ActiveCfg = Debug|x64
		{25BEECEC-8BE4-4A9C-A126-9F51CD2BB362}.Debug|x64.Build.0 = Debug|x64
		{25BEECEC-8BE4-4A9C-A126-9F51CD2BB362}.Debug|x86.ActiveCfg = Debug|Win32
		{25BEECEC-8BE4-4A9C-A126-9F51CD2BB362}.Debug|x86.Build.0 = Debug|Win32
		{25BEECEC-8BE4-4A9C-A126-9F51CD2BB362}.Release|x64.ActiveCfg = Release|x64
		{25BEECEC-8BE4-4A9C-A126-9F51CD2BB362}.Release|x64.Build.0 = Release|x64
		{25BEECEC-8BE4-4A9C-A126-9F51CD2BB362}.Release|x86.ActiveCfg = Release|Win32
		{25BEECEC-8BE4-4A9C-A126-9F51CD2BB362}.Release|x86.Build.0 = Release|Win32
		{2F0EF582-C856-40B6-9314-8380FB1AD7B7}.Debug|x64.ActiveCfg = Debug|x64
		{2F0EF582-C856-40B6-9314-8380FB1AD7B7}.Debug|x64.Build.0 = Debug|x64
		{2F0EF582-C856-40B6-9314-8380FB1AD7B7}.Debug|x86.ActiveCfg = Debug|Win32
		{2F0EF582-C856-40B6-9314-8380FB1AD7B7}.Debug|x86.Build.0 = Debug|Win32
		{2F0EF582-C856-40B6-9314-8380FB1AD7B7}.Release|x64.ActiveCfg = Release|x64
		{2F0EF582-C856-40B6-9314-8380FB1AD7B7}.Release|x64.Build.0 = Release|x64
		{2F0EF582-C856-40B6-9314-8380FB1AD7B7}.Release|x86.ActiveCfg = Release|Win32
		{2F0EF582-C856-40B6-9314-8380FB1AD7B7}.Release|x86.Build.0 = Release|Win32
	EndGlobalSection
	GlobalSection(SolutionProperties) = preSolution
		HideSolutionNode = FALSE
	EndGlobalSection
	GlobalSection(ExtensibilityGlobals) = postSolution
		SolutionGuid = {0B04B9F4-2AD9-490D-87FC-1A5328339865}
	EndGlobalSection
EndGlobal
